{
  "name": "tetris",
  "version": "1.0.0",
  "lockfileVersion": 1,
  "requires": true,
  "dependencies": {
    "chroma-js": {
      "version": "2.1.2",
      "resolved": "https://registry.npmjs.org/chroma-js/-/chroma-js-2.1.2.tgz",
      "integrity": "sha512-ri/ouYDWuxfus3UcaMxC1Tfp3IE9K5iQzxc2hSxbBRVNQFut1UuGAsZmiAf2mOUubzGJwgMSv9lHg+XqLaz1QQ==",
      "requires": {
        "cross-env": "^6.0.3"
      }
    },
    "cross-env": {
      "version": "6.0.3",
      "resolved": "https://registry.npmjs.org/cross-env/-/cross-env-6.0.3.tgz",
      "integrity": "sha512-+KqxF6LCvfhWvADcDPqo64yVIB31gv/jQulX2NGzKS/g3GEVz6/pt4wjHFtFWsHMddebWD/sDthJemzM4MaAag==",
      "requires": {
        "cross-spawn": "^7.0.0"
      }
    },
    "cross-spawn": {
      "version": "7.0.3",
      "resolved": "https://registry.npmjs.org/cross-spawn/-/cross-spawn-7.0.3.tgz",
      "integrity": "sha512-iRDPJKUPVEND7dHPO8rkbOnPpyDygcDFtWjpeWNCgy8WP2rXcxXL8TskReQl6OrB2G7+UJrags1q15Fudc7G6w==",
      "requires": {
        "path-key": "^3.1.0",
        "shebang-command": "^2.0.0",
        "which": "^2.0.1"
      }
    },
    "esbuild": {
      "version": "0.14.10",
      "resolved": "https://registry.npmjs.org/esbuild/-/esbuild-0.14.10.tgz",
      "integrity": "sha512-ibZb+NwFqBwHHJlpnFMtg4aNmVK+LUtYMFC9CuKs6lDCBEvCHpqCFZFEirpqt1jOugwKGx8gALNGvX56lQyfew==",
      "requires": {
        "esbuild-android-arm64": "0.14.10",
        "esbuild-darwin-64": "0.14.10",
        "esbuild-darwin-arm64": "0.14.10",
        "esbuild-freebsd-64": "0.14.10",
        "esbuild-freebsd-arm64": "0.14.10",
        "esbuild-linux-32": "0.14.10",
        "esbuild-linux-64": "0.14.10",
        "esbuild-linux-arm": "0.14.10",
        "esbuild-linux-arm64": "0.14.10",
        "esbuild-linux-mips64le": "0.14.10",
        "esbuild-linux-ppc64le": "0.14.10",
        "esbuild-linux-s390x": "0.14.10",
        "esbuild-netbsd-64": "0.14.10",
        "esbuild-openbsd-64": "0.14.10",
        "esbuild-sunos-64": "0.14.10",
        "esbuild-windows-32": "0.14.10",
        "esbuild-windows-64": "0.14.10",
        "esbuild-windows-arm64": "0.14.10"
      }
    },
    "esbuild-android-arm64": {
      "version": "0.14.10",
      "resolved": "https://registry.npmjs.org/esbuild-android-arm64/-/esbuild-android-arm64-0.14.10.tgz",
      "integrity": "sha512-vzkTafHKoiMX4uIN1kBnE/HXYLpNT95EgGanVk6DHGeYgDolU0NBxjO7yZpq4ZGFPOx8384eAdDrBYhO11TAlQ==",
      "optional": true
    },
    "esbuild-darwin-64": {
      "version": "0.14.10",
      "resolved": "https://registry.npmjs.org/esbuild-darwin-64/-/esbuild-darwin-64-0.14.10.tgz",
      "integrity": "sha512-DJwzFVB95ZV7C3PQbf052WqaUuuMFXJeZJ0LKdnP1w+QOU0rlbKfX0tzuhoS//rOXUj1TFIwRuRsd0FX6skR7A==",
      "optional": true
    },
    "esbuild-darwin-arm64": {
      "version": "0.14.10",
      "resolved": "https://registry.npmjs.org/esbuild-darwin-arm64/-/esbuild-darwin-arm64-0.14.10.tgz",
      "integrity": "sha512-RNaaoZDg3nsqs5z56vYCjk/VJ76npf752W0rOaCl5lO5TsgV9zecfdYgt7dtUrIx8b7APhVaNYud+tGsDOVC9g==",
      "optional": true
    },
    "esbuild-freebsd-64": {
      "version": "0.14.10",
      "resolved": "https://registry.npmjs.org/esbuild-freebsd-64/-/esbuild-freebsd-64-0.14.10.tgz",
      "integrity": "sha512-10B3AzW894u6bGZZhWiJOHw1uEHb4AFbUuBdyml1Ht0vIqd+KqWW+iY/yMwQAzILr2WJZqEhbOXRkJtY8aRqOw==",
      "optional": true
    },
    "esbuild-freebsd-arm64": {
      "version": "0.14.10",
      "resolved": "https://registry.npmjs.org/esbuild-freebsd-arm64/-/esbuild-freebsd-arm64-0.14.10.tgz",
      "integrity": "sha512-mSQrKB7UaWvuryBTCo9leOfY2uEUSimAvcKIaUWbk5Hth9Sg+Try+qNA/NibPgs/vHkX0KFo/Rce6RPea+P15g==",
      "optional": true
    },
    "esbuild-linux-32": {
      "version": "0.14.10",
      "resolved": "https://registry.npmjs.org/esbuild-linux-32/-/esbuild-linux-32-0.14.10.tgz",
      "integrity": "sha512-lktF09JgJLZ63ANYHIPdYe339PDuVn19Q/FcGKkXWf+jSPkn5xkYzAabboNGZNUgNqSJ/vY7VrOn6UrBbJjgYA==",
      "optional": true
    },
    "esbuild-linux-64": {
      "version": "0.14.10",
      "resolved": "https://registry.npmjs.org/esbuild-linux-64/-/esbuild-linux-64-0.14.10.tgz",
      "integrity": "sha512-K+gCQz2oLIIBI8ZM77e9sYD5/DwEpeYCrOQ2SYXx+R4OU2CT9QjJDi4/OpE7ko4AcYMlMW7qrOCuLSgAlEj4Wg==",
      "optional": true
    },
    "esbuild-linux-arm": {
      "version": "0.14.10",
      "resolved": "https://registry.npmjs.org/esbuild-linux-arm/-/esbuild-linux-arm-0.14.10.tgz",
      "integrity": "sha512-BYa60dZ/KPmNKYxtHa3LSEdfKWHcm/RzP0MjB4AeBPhjS0D6/okhaBesZIY9kVIGDyeenKsJNOmnVt4+dhNnvQ==",
      "optional": true
    },
    "esbuild-linux-arm64": {
      "version": "0.14.10",
      "resolved": "https://registry.npmjs.org/esbuild-linux-arm64/-/esbuild-linux-arm64-0.14.10.tgz",
      "integrity": "sha512-+qocQuQvcp5wo/V+OLXxqHPc+gxHttJEvbU/xrCGE03vIMqraL4wMua8JQx0SWEnJCWP+Nhf//v8OSwz1Xr5kA==",
      "optional": true
    },
    "esbuild-linux-mips64le": {
      "version": "0.14.10",
      "resolved": "https://registry.npmjs.org/esbuild-linux-mips64le/-/esbuild-linux-mips64le-0.14.10.tgz",
      "integrity": "sha512-nmUd2xoBXpGo4NJCEWoaBj+n4EtDoLEvEYc8Z3aSJrY0Oa6s04czD1flmhd0I/d6QEU8b7GQ9U0g/rtBfhtxBg==",
      "optional": true
    },
    "esbuild-linux-ppc64le": {
      "version": "0.14.10",
      "resolved": "https://registry.npmjs.org/esbuild-linux-ppc64le/-/esbuild-linux-ppc64le-0.14.10.tgz",
      "integrity": "sha512-vsOWZjm0rZix7HSmqwPph9arRVCyPtUpcURdayQDuIhMG2/UxJxpbdRaa//w4zYqcJzAWwuyH2PAlyy0ZNuxqQ==",
      "optional": true
    },
    "esbuild-linux-s390x": {
      "version": "0.14.10",
      "resolved": "https://registry.npmjs.org/esbuild-linux-s390x/-/esbuild-linux-s390x-0.14.10.tgz",
      "integrity": "sha512-knArKKZm0ypIYWOWyOT7+accVwbVV1LZnl2FWWy05u9Tyv5oqJ2F5+X2Vqe/gqd61enJXQWqoufXopvG3zULOg==",
      "optional": true
    },
    "esbuild-netbsd-64": {
      "version": "0.14.10",
      "resolved": "https://registry.npmjs.org/esbuild-netbsd-64/-/esbuild-netbsd-64-0.14.10.tgz",
      "integrity": "sha512-6Gg8neVcLeyq0yt9bZpReb8ntZ8LBEjthxrcYWVrBElcltnDjIy1hrzsujt0+sC2rL+TlSsE9dzgyuvlDdPp2w==",
      "optional": true
    },
    "esbuild-openbsd-64": {
      "version": "0.14.10",
      "resolved": "https://registry.npmjs.org/esbuild-openbsd-64/-/esbuild-openbsd-64-0.14.10.tgz",
      "integrity": "sha512-9rkHZzp10zI90CfKbFrwmQjqZaeDmyQ6s9/hvCwRkbOCHuto6RvMYH9ghQpcr5cUxD5OQIA+sHXi0zokRNXjcg==",
      "optional": true
    },
    "esbuild-sunos-64": {
      "version": "0.14.10",
      "resolved": "https://registry.npmjs.org/esbuild-sunos-64/-/esbuild-sunos-64-0.14.10.tgz",
      "integrity": "sha512-mEU+pqkhkhbwpJj5DiN3vL0GUFR/yrL3qj8ER1amIVyRibKbj02VM1QaIuk1sy5DRVIKiFXXgCaHvH3RNWCHIw==",
      "optional": true
    },
    "esbuild-windows-32": {
      "version": "0.14.10",
      "resolved": "https://registry.npmjs.org/esbuild-windows-32/-/esbuild-windows-32-0.14.10.tgz",
      "integrity": "sha512-Z5DieUL1N6s78dOSdL95KWf8Y89RtPGxIoMF+LEy8ChDsX+pZpz6uAVCn+YaWpqQXO+2TnrcbgBIoprq2Mco1g==",
      "optional": true
    },
    "esbuild-windows-64": {
      "version": "0.14.10",
      "resolved": "https://registry.npmjs.org/esbuild-windows-64/-/esbuild-windows-64-0.14.10.tgz",
      "integrity": "sha512-LE5Mm62y0Bilu7RDryBhHIX8rK3at5VwJ6IGM3BsASidCfOBTzqcs7Yy0/Vkq39VKeTmy9/66BAfVoZRNznoDw==",
      "optional": true
    },
    "esbuild-windows-arm64": {
      "version": "0.14.10",
      "resolved": "https://registry.npmjs.org/esbuild-windows-arm64/-/esbuild-windows-arm64-0.14.10.tgz",
      "integrity": "sha512-OJOyxDtabvcUYTc+O4dR0JMzLBz6G9+gXIHA7Oc5d5Fv1xiYa0nUeo8+W5s2e6ZkPRdIwOseYoL70rZz80S5BA==",
      "optional": true
    },
    "gsap": {
      "version": "3.9.1",
      "resolved": "https://registry.npmjs.org/gsap/-/gsap-3.9.1.tgz",
      "integrity": "sha512-JSGVYoC6da4pIjdF/yxFU6Rz8OojOIDkbooveZlfNg0+JIoFoRruyfWAEi6R/gUeNcuOiTqUIb0gi1nCNrHf8w=="
    },
    "isexe": {
      "version": "2.0.0",
      "resolved": "https://registry.npmjs.org/isexe/-/isexe-2.0.0.tgz",
      "integrity": "sha1-6PvzdNxVb/iUehDcsFctYz8s+hA="
    },
    "path-key": {
      "version": "3.1.1",
      "resolved": "https://registry.npmjs.org/path-key/-/path-key-3.1.1.tgz",
      "integrity": "sha512-ojmeN0qd+y0jszEtoY48r0Peq5dwMEkIlCOu6Q5f41lfkswXuKtYrhgoTpLnyIcHm24Uhqx+5Tqm2InSwLhE6Q=="
    },
    "prettier": {
      "version": "2.5.1",
      "resolved": "https://registry.npmjs.org/prettier/-/prettier-2.5.1.tgz",
      "integrity": "sha512-vBZcPRUR5MZJwoyi3ZoyQlc1rXeEck8KgeC9AwwOn+exuxLxq5toTRDTSaVrXHxelDMHy9zlicw8u66yxoSUFg==",
      "dev": true
    },
    "shebang-command": {
      "version": "2.0.0",
      "resolved": "https://registry.npmjs.org/shebang-command/-/shebang-command-2.0.0.tgz",
      "integrity": "sha512-kHxr2zZpYtdmrN1qDjrrX/Z1rR1kG8Dx+gkpK1G4eXmvXswmcE1hTWBWYUzlraYw1/yZp6YuDY77YtvbN0dmDA==",
      "requires": {
        "shebang-regex": "^3.0.0"
      }
    },
    "shebang-regex": {
      "version": "3.0.0",
      "resolved": "https://registry.npmjs.org/shebang-regex/-/shebang-regex-3.0.0.tgz",
      "integrity": "sha512-7++dFhtcx3353uBaq8DDR4NuxBetBzC7ZQOhmTQInHEd6bSrXdiEyzCvG07Z44UYdLShWUyXt5M/yhz8ekcb1A=="
    },
    "three": {
      "version": "0.136.0",
      "resolved": "https://registry.npmjs.org/three/-/three-0.136.0.tgz",
      "integrity": "sha512-+fEMX7nYLz2ZesVP/dyifli5Jf8gR3XPAnFJveQ80aMhibFduzrADnjMbARXh8+W9qLK7rshJCjAIL/6cDxC+A=="
    },
    "which": {
      "version": "2.0.2",
      "resolved": "https://registry.npmjs.org/which/-/which-2.0.2.tgz",
      "integrity": "sha512-BLI3Tl1TW3Pvl70l3yq3Y64i+awpwXqsGBYWkkqMtnbXgrMD+yj7rhW0kuEDxzJaYXGjEW5ogapKNMEKNMjibA==",
      "requires": {
        "isexe": "^2.0.0"
      }
    }
  }
}
